
Microsoft Visual Studio Solution File, Format Version 12.00
# Visual Studio 14
VisualStudioVersion = 14.0.25123.0
MinimumVisualStudioVersion = 10.0.40219.1
Project("{FAE04EC0-301F-11D3-BF4B-00C04F79EFBC}") = "WellDoneItXamFresh.Droid", "WellDoneItXamFresh\WellDoneItXamFresh.Droid\WellDoneItXamFresh.Droid.csproj", "{BF826C10-FC73-4A58-BAD8-A0D180F94388}"
EndProject
Project("{FAE04EC0-301F-11D3-BF4B-00C04F79EFBC}") = "WellDoneItXamFresh.iOS", "WellDoneItXamFresh\WellDoneItXamFresh.iOS\WellDoneItXamFresh.iOS.csproj", "{8CE5D81A-E839-4ED2-903D-2BF3F8D1F4CF}"
EndProject
Project("{FAE04EC0-301F-11D3-BF4B-00C04F79EFBC}") = "WellDoneItXamFresh", "WellDoneItXamFresh\WellDoneItXamFresh\WellDoneItXamFresh.csproj", "{95F00F70-27F3-4B4C-BC2C-F838D845163B}"
EndProject
Global
	GlobalSection(SolutionConfigurationPlatforms) = preSolution
		Ad-Hoc|Any CPU = Ad-Hoc|Any CPU
		Ad-Hoc|ARM = Ad-Hoc|ARM
		Ad-Hoc|iPhone = Ad-Hoc|iPhone
		Ad-Hoc|iPhoneSimulator = Ad-Hoc|iPhoneSimulator
		Ad-Hoc|x64 = Ad-Hoc|x64
		Ad-Hoc|x86 = Ad-Hoc|x86
		AppStore|Any CPU = AppStore|Any CPU
		AppStore|ARM = AppStore|ARM
		AppStore|iPhone = AppStore|iPhone
		AppStore|iPhoneSimulator = AppStore|iPhoneSimulator
		AppStore|x64 = AppStore|x64
		AppStore|x86 = AppStore|x86
		Debug|Any CPU = Debug|Any CPU
		Debug|ARM = Debug|ARM
		Debug|iPhone = Debug|iPhone
		Debug|iPhoneSimulator = Debug|iPhoneSimulator
		Debug|x64 = Debug|x64
		Debug|x86 = Debug|x86
		Release|Any CPU = Release|Any CPU
		Release|ARM = Release|ARM
		Release|iPhone = Release|iPhone
		Release|iPhoneSimulator = Release|iPhoneSimulator
		Release|x64 = Release|x64
		Release|x86 = Release|x86
	EndGlobalSection
	GlobalSection(ProjectConfigurationPlatforms) = postSolution
		{BF826C10-FC73-4A58-BAD8-A0D180F94388}.Ad-Hoc|Any CPU.ActiveCfg = Release|Any CPU
		{BF826C10-FC73-4A58-BAD8-A0D180F94388}.Ad-Hoc|Any CPU.Build.0 = Release|Any CPU
		{BF826C10-FC73-4A58-BAD8-A0D180F94388}.Ad-Hoc|Any CPU.Deploy.0 = Release|Any CPU
		{BF826C10-FC73-4A58-BAD8-A0D180F94388}.Ad-Hoc|ARM.ActiveCfg = Release|Any CPU
		{BF826C10-FC73-4A58-BAD8-A0D180F94388}.Ad-Hoc|ARM.Build.0 = Release|Any CPU
		{BF826C10-FC73-4A58-BAD8-A0D180F94388}.Ad-Hoc|ARM.Deploy.0 = Release|Any CPU
		{BF826C10-FC73-4A58-BAD8-A0D180F94388}.Ad-Hoc|iPhone.ActiveCfg = Release|Any CPU
		{BF826C10-FC73-4A58-BAD8-A0D180F94388}.Ad-Hoc|iPhone.Build.0 = Release|Any CPU
		{BF826C10-FC73-4A58-BAD8-A0D180F94388}.Ad-Hoc|iPhone.Deploy.0 = Release|Any CPU
		{BF826C10-FC73-4A58-BAD8-A0D180F94388}.Ad-Hoc|iPhoneSimulator.ActiveCfg = Release|Any CPU
		{BF826C10-FC73-4A58-BAD8-A0D180F94388}.Ad-Hoc|iPhoneSimulator.Build.0 = Release|Any CPU
		{BF826C10-FC73-4A58-BAD8-A0D180F94388}.Ad-Hoc|iPhoneSimulator.Deploy.0 = Release|Any CPU
		{BF826C10-FC73-4A58-BAD8-A0D180F94388}.Ad-Hoc|x64.ActiveCfg = Release|Any CPU
		{BF826C10-FC73-4A58-BAD8-A0D180F94388}.Ad-Hoc|x64.Build.0 = Release|Any CPU
		{BF826C10-FC73-4A58-BAD8-A0D180F94388}.Ad-Hoc|x64.Deploy.0 = Release|Any CPU
		{BF826C10-FC73-4A58-BAD8-A0D180F94388}.Ad-Hoc|x86.ActiveCfg = Release|Any CPU
		{BF826C10-FC73-4A58-BAD8-A0D180F94388}.Ad-Hoc|x86.Build.0 = Release|Any CPU
		{BF826C10-FC73-4A58-BAD8-A0D180F94388}.Ad-Hoc|x86.Deploy.0 = Release|Any CPU
		{BF826C10-FC73-4A58-BAD8-A0D180F94388}.AppStore|Any CPU.ActiveCfg = Release|Any CPU
		{BF826C10-FC73-4A58-BAD8-A0D180F94388}.AppStore|Any CPU.Build.0 = Release|Any CPU
		{BF826C10-FC73-4A58-BAD8-A0D180F94388}.AppStore|Any CPU.Deploy.0 = Release|Any CPU
		{BF826C10-FC73-4A58-BAD8-A0D180F94388}.AppStore|ARM.ActiveCfg = Release|Any CPU
		{BF826C10-FC73-4A58-BAD8-A0D180F94388}.AppStore|ARM.Build.0 = Release|Any CPU
		{BF826C10-FC73-4A58-BAD8-A0D180F94388}.AppStore|ARM.Deploy.0 = Release|Any CPU
		{BF826C10-FC73-4A58-BAD8-A0D180F94388}.AppStore|iPhone.ActiveCfg = Release|Any CPU
		{BF826C10-FC73-4A58-BAD8-A0D180F94388}.AppStore|iPhone.Build.0 = Release|Any CPU
		{BF826C10-FC73-4A58-BAD8-A0D180F94388}.AppStore|iPhone.Deploy.0 = Release|Any CPU
		{BF826C10-FC73-4A58-BAD8-A0D180F94388}.AppStore|iPhoneSimulator.ActiveCfg = Release|Any CPU
		{BF826C10-FC73-4A58-BAD8-A0D180F94388}.AppStore|iPhoneSimulator.Build.0 = Release|Any CPU
		{BF826C10-FC73-4A58-BAD8-A0D180F94388}.AppStore|iPhoneSimulator.Deploy.0 = Release|Any CPU
		{BF826C10-FC73-4A58-BAD8-A0D180F94388}.AppStore|x64.ActiveCfg = Release|Any CPU
		{BF826C10-FC73-4A58-BAD8-A0D180F94388}.AppStore|x64.Build.0 = Release|Any CPU
		{BF826C10-FC73-4A58-BAD8-A0D180F94388}.AppStore|x64.Deploy.0 = Release|Any CPU
		{BF826C10-FC73-4A58-BAD8-A0D180F94388}.AppStore|x86.ActiveCfg = Release|Any CPU
		{BF826C10-FC73-4A58-BAD8-A0D180F94388}.AppStore|x86.Build.0 = Release|Any CPU
		{BF826C10-FC73-4A58-BAD8-A0D180F94388}.AppStore|x86.Deploy.0 = Release|Any CPU
		{BF826C10-FC73-4A58-BAD8-A0D180F94388}.Debug|Any CPU.ActiveCfg = Debug|Any CPU
		{BF826C10-FC73-4A58-BAD8-A0D180F94388}.Debug|Any CPU.Build.0 = Debug|Any CPU
		{BF826C10-FC73-4A58-BAD8-A0D180F94388}.Debug|Any CPU.Deploy.0 = Debug|Any CPU
		{BF826C10-FC73-4A58-BAD8-A0D180F94388}.Debug|ARM.ActiveCfg = Debug|Any CPU
		{BF826C10-FC73-4A58-BAD8-A0D180F94388}.Debug|ARM.Build.0 = Debug|Any CPU
		{BF826C10-FC73-4A58-BAD8-A0D180F94388}.Debug|ARM.Deploy.0 = Debug|Any CPU
		{BF826C10-FC73-4A58-BAD8-A0D180F94388}.Debug|iPhone.ActiveCfg = Debug|Any CPU
		{BF826C10-FC73-4A58-BAD8-A0D180F94388}.Debug|iPhone.Build.0 = Debug|Any CPU
		{BF826C10-FC73-4A58-BAD8-A0D180F94388}.Debug|iPhone.Deploy.0 = Debug|Any CPU
		{BF826C10-FC73-4A58-BAD8-A0D180F94388}.Debug|iPhoneSimulator.ActiveCfg = Debug|Any CPU
		{BF826C10-FC73-4A58-BAD8-A0D180F94388}.Debug|iPhoneSimulator.Build.0 = Debug|Any CPU
		{BF826C10-FC73-4A58-BAD8-A0D180F94388}.Debug|iPhoneSimulator.Deploy.0 = Debug|Any CPU
		{BF826C10-FC73-4A58-BAD8-A0D180F94388}.Debug|x64.ActiveCfg = Debug|Any CPU
		{BF826C10-FC73-4A58-BAD8-A0D180F94388}.Debug|x64.Build.0 = Debug|Any CPU
		{BF826C10-FC73-4A58-BAD8-A0D180F94388}.Debug|x64.Deploy.0 = Debug|Any CPU
		{BF826C10-FC73-4A58-BAD8-A0D180F94388}.Debug|x86.ActiveCfg = Debug|Any CPU
		{BF826C10-FC73-4A58-BAD8-A0D180F94388}.Debug|x86.Build.0 = Debug|Any CPU
		{BF826C10-FC73-4A58-BAD8-A0D180F94388}.Debug|x86.Deploy.0 = Debug|Any CPU
		{BF826C10-FC73-4A58-BAD8-A0D180F94388}.Release|Any CPU.ActiveCfg = Release|Any CPU
		{BF826C10-FC73-4A58-BAD8-A0D180F94388}.Release|Any CPU.Build.0 = Release|Any CPU
		{BF826C10-FC73-4A58-BAD8-A0D180F94388}.Release|Any CPU.Deploy.0 = Release|Any CPU
		{BF826C10-FC73-4A58-BAD8-A0D180F94388}.Release|ARM.ActiveCfg = Release|Any CPU
		{BF826C10-FC73-4A58-BAD8-A0D180F94388}.Release|ARM.Build.0 = Release|Any CPU
		{BF826C10-FC73-4A58-BAD8-A0D180F94388}.Release|ARM.Deploy.0 = Release|Any CPU
		{BF826C10-FC73-4A58-BAD8-A0D180F94388}.Release|iPhone.ActiveCfg = Release|Any CPU
		{BF826C10-FC73-4A58-BAD8-A0D180F94388}.Release|iPhone.Build.0 = Release|Any CPU
		{BF826C10-FC73-4A58-BAD8-A0D180F94388}.Release|iPhone.Deploy.0 = Release|Any CPU
		{BF826C10-FC73-4A58-BAD8-A0D180F94388}.Release|iPhoneSimulator.ActiveCfg = Release|Any CPU
		{BF826C10-FC73-4A58-BAD8-A0D180F94388}.Release|iPhoneSimulator.Build.0 = Release|Any CPU
		{BF826C10-FC73-4A58-BAD8-A0D180F94388}.Release|iPhoneSimulator.Deploy.0 = Release|Any CPU
		{BF826C10-FC73-4A58-BAD8-A0D180F94388}.Release|x64.ActiveCfg = Release|Any CPU
		{BF826C10-FC73-4A58-BAD8-A0D180F94388}.Release|x64.Build.0 = Release|Any CPU
		{BF826C10-FC73-4A58-BAD8-A0D180F94388}.Release|x64.Deploy.0 = Release|Any CPU
		{BF826C10-FC73-4A58-BAD8-A0D180F94388}.Release|x86.ActiveCfg = Release|Any CPU
		{BF826C10-FC73-4A58-BAD8-A0D180F94388}.Release|x86.Build.0 = Release|Any CPU
		{BF826C10-FC73-4A58-BAD8-A0D180F94388}.Release|x86.Deploy.0 = Release|Any CPU
		{8CE5D81A-E839-4ED2-903D-2BF3F8D1F4CF}.Ad-Hoc|Any CPU.ActiveCfg = Ad-Hoc|iPhone
		{8CE5D81A-E839-4ED2-903D-2BF3F8D1F4CF}.Ad-Hoc|ARM.ActiveCfg = Ad-Hoc|iPhone
		{8CE5D81A-E839-4ED2-903D-2BF3F8D1F4CF}.Ad-Hoc|iPhone.ActiveCfg = Ad-Hoc|iPhone
		{8CE5D81A-E839-4ED2-903D-2BF3F8D1F4CF}.Ad-Hoc|iPhone.Build.0 = Ad-Hoc|iPhone
		{8CE5D81A-E839-4ED2-903D-2BF3F8D1F4CF}.Ad-Hoc|iPhoneSimulator.ActiveCfg = Ad-Hoc|iPhoneSimulator
		{8CE5D81A-E839-4ED2-903D-2BF3F8D1F4CF}.Ad-Hoc|iPhoneSimulator.Build.0 = Ad-Hoc|iPhoneSimulator
		{8CE5D81A-E839-4ED2-903D-2BF3F8D1F4CF}.Ad-Hoc|x64.ActiveCfg = Ad-Hoc|iPhone
		{8CE5D81A-E839-4ED2-903D-2BF3F8D1F4CF}.Ad-Hoc|x86.ActiveCfg = Ad-Hoc|iPhone
		{8CE5D81A-E839-4ED2-903D-2BF3F8D1F4CF}.AppStore|Any CPU.ActiveCfg = AppStore|iPhone
		{8CE5D81A-E839-4ED2-903D-2BF3F8D1F4CF}.AppStore|ARM.ActiveCfg = AppStore|iPhone
		{8CE5D81A-E839-4ED2-903D-2BF3F8D1F4CF}.AppStore|iPhone.ActiveCfg = AppStore|iPhone
		{8CE5D81A-E839-4ED2-903D-2BF3F8D1F4CF}.AppStore|iPhone.Build.0 = AppStore|iPhone
		{8CE5D81A-E839-4ED2-903D-2BF3F8D1F4CF}.AppStore|iPhoneSimulator.ActiveCfg = AppStore|iPhoneSimulator
		{8CE5D81A-E839-4ED2-903D-2BF3F8D1F4CF}.AppStore|iPhoneSimulator.Build.0 = AppStore|iPhoneSimulator
		{8CE5D81A-E839-4ED2-903D-2BF3F8D1F4CF}.AppStore|x64.ActiveCfg = AppStore|iPhone
		{8CE5D81A-E839-4ED2-903D-2BF3F8D1F4CF}.AppStore|x86.ActiveCfg = AppStore|iPhone
		{8CE5D81A-E839-4ED2-903D-2BF3F8D1F4CF}.Debug|Any CPU.ActiveCfg = Debug|iPhone
		{8CE5D81A-E839-4ED2-903D-2BF3F8D1F4CF}.Debug|ARM.ActiveCfg = Debug|iPhone
		{8CE5D81A-E839-4ED2-903D-2BF3F8D1F4CF}.Debug|iPhone.ActiveCfg = Debug|iPhone
		{8CE5D81A-E839-4ED2-903D-2BF3F8D1F4CF}.Debug|iPhone.Build.0 = Debug|iPhone
		{8CE5D81A-E839-4ED2-903D-2BF3F8D1F4CF}.Debug|iPhoneSimulator.ActiveCfg = Debug|iPhoneSimulator
		{8CE5D81A-E839-4ED2-903D-2BF3F8D1F4CF}.Debug|iPhoneSimulator.Build.0 = Debug|iPhoneSimulator
		{8CE5D81A-E839-4ED2-903D-2BF3F8D1F4CF}.Debug|x64.ActiveCfg = Debug|iPhone
		{8CE5D81A-E839-4ED2-903D-2BF3F8D1F4CF}.Debug|x86.ActiveCfg = Debug|iPhone
		{8CE5D81A-E839-4ED2-903D-2BF3F8D1F4CF}.Release|Any CPU.ActiveCfg = Release|iPhone
		{8CE5D81A-E839-4ED2-903D-2BF3F8D1F4CF}.Release|ARM.ActiveCfg = Release|iPhone
		{8CE5D81A-E839-4ED2-903D-2BF3F8D1F4CF}.Release|iPhone.ActiveCfg = Release|iPhone
		{8CE5D81A-E839-4ED2-903D-2BF3F8D1F4CF}.Release|iPhone.Build.0 = Release|iPhone
		{8CE5D81A-E839-4ED2-903D-2BF3F8D1F4CF}.Release|iPhoneSimulator.ActiveCfg = Release|iPhoneSimulator
		{8CE5D81A-E839-4ED2-903D-2BF3F8D1F4CF}.Release|iPhoneSimulator.Build.0 = Release|iPhoneSimulator
		{8CE5D81A-E839-4ED2-903D-2BF3F8D1F4CF}.Release|x64.ActiveCfg = Release|iPhone
		{8CE5D81A-E839-4ED2-903D-2BF3F8D1F4CF}.Release|x86.ActiveCfg = Release|iPhone
		{95F00F70-27F3-4B4C-BC2C-F838D845163B}.Ad-Hoc|Any CPU.ActiveCfg = Release|Any CPU
		{95F00F70-27F3-4B4C-BC2C-F838D845163B}.Ad-Hoc|Any CPU.Build.0 = Release|Any CPU
		{95F00F70-27F3-4B4C-BC2C-F838D845163B}.Ad-Hoc|ARM.ActiveCfg = Release|Any CPU
		{95F00F70-27F3-4B4C-BC2C-F838D845163B}.Ad-Hoc|ARM.Build.0 = Release|Any CPU
		{95F00F70-27F3-4B4C-BC2C-F838D845163B}.Ad-Hoc|iPhone.ActiveCfg = Release|Any CPU
		{95F00F70-27F3-4B4C-BC2C-F838D845163B}.Ad-Hoc|iPhone.Build.0 = Release|Any CPU
		{95F00F70-27F3-4B4C-BC2C-F838D845163B}.Ad-Hoc|iPhoneSimulator.ActiveCfg = Release|Any CPU
		{95F00F70-27F3-4B4C-BC2C-F838D845163B}.Ad-Hoc|iPhoneSimulator.Build.0 = Release|Any CPU
		{95F00F70-27F3-4B4C-BC2C-F838D845163B}.Ad-Hoc|x64.ActiveCfg = Release|Any CPU
		{95F00F70-27F3-4B4C-BC2C-F838D845163B}.Ad-Hoc|x64.Build.0 = Release|Any CPU
		{95F00F70-27F3-4B4C-BC2C-F838D845163B}.Ad-Hoc|x86.ActiveCfg = Release|Any CPU
		{95F00F70-27F3-4B4C-BC2C-F838D845163B}.Ad-Hoc|x86.Build.0 = Release|Any CPU
		{95F00F70-27F3-4B4C-BC2C-F838D845163B}.AppStore|Any CPU.ActiveCfg = Release|Any CPU
		{95F00F70-27F3-4B4C-BC2C-F838D845163B}.AppStore|Any CPU.Build.0 = Release|Any CPU
		{95F00F70-27F3-4B4C-BC2C-F838D845163B}.AppStore|ARM.ActiveCfg = Release|Any CPU
		{95F00F70-27F3-4B4C-BC2C-F838D845163B}.AppStore|ARM.Build.0 = Release|Any CPU
		{95F00F70-27F3-4B4C-BC2C-F838D845163B}.AppStore|iPhone.ActiveCfg = Release|Any CPU
		{95F00F70-27F3-4B4C-BC2C-F838D845163B}.AppStore|iPhone.Build.0 = Release|Any CPU
		{95F00F70-27F3-4B4C-BC2C-F838D845163B}.AppStore|iPhoneSimulator.ActiveCfg = Release|Any CPU
		{95F00F70-27F3-4B4C-BC2C-F838D845163B}.AppStore|iPhoneSimulator.Build.0 = Release|Any CPU
		{95F00F70-27F3-4B4C-BC2C-F838D845163B}.AppStore|x64.ActiveCfg = Release|Any CPU
		{95F00F70-27F3-4B4C-BC2C-F838D845163B}.AppStore|x64.Build.0 = Release|Any CPU
		{95F00F70-27F3-4B4C-BC2C-F838D845163B}.AppStore|x86.ActiveCfg = Release|Any CPU
		{95F00F70-27F3-4B4C-BC2C-F838D845163B}.AppStore|x86.Build.0 = Release|Any CPU
		{95F00F70-27F3-4B4C-BC2C-F838D845163B}.Debug|Any CPU.ActiveCfg = Debug|Any CPU
		{95F00F70-27F3-4B4C-BC2C-F838D845163B}.Debug|Any CPU.Build.0 = Debug|Any CPU
		{95F00F70-27F3-4B4C-BC2C-F838D845163B}.Debug|ARM.ActiveCfg = Debug|Any CPU
		{95F00F70-27F3-4B4C-BC2C-F838D845163B}.Debug|ARM.Build.0 = Debug|Any CPU
		{95F00F70-27F3-4B4C-BC2C-F838D845163B}.Debug|iPhone.ActiveCfg = Debug|Any CPU
		{95F00F70-27F3-4B4C-BC2C-F838D845163B}.Debug|iPhone.Build.0 = Debug|Any CPU
		{95F00F70-27F3-4B4C-BC2C-F838D845163B}.Debug|iPhoneSimulator.ActiveCfg = Debug|Any CPU
		{95F00F70-27F3-4B4C-BC2C-F838D845163B}.Debug|iPhoneSimulator.Build.0 = Debug|Any CPU
		{95F00F70-27F3-4B4C-BC2C-F838D845163B}.Debug|x64.ActiveCfg = Debug|Any CPU
		{95F00F70-27F3-4B4C-BC2C-F838D845163B}.Debug|x64.Build.0 = Debug|Any CPU
		{95F00F70-27F3-4B4C-BC2C-F838D845163B}.Debug|x86.ActiveCfg = Debug|Any CPU
		{95F00F70-27F3-4B4C-BC2C-F838D845163B}.Debug|x86.Build.0 = Debug|Any CPU
		{95F00F70-27F3-4B4C-BC2C-F838D845163B}.Release|Any CPU.ActiveCfg = Release|Any CPU
		{95F00F70-27F3-4B4C-BC2C-F838D845163B}.Release|Any CPU.Build.0 = Release|Any CPU
		{95F00F70-27F3-4B4C-BC2C-F838D845163B}.Release|ARM.ActiveCfg = Release|Any CPU
		{95F00F70-27F3-4B4C-BC2C-F838D845163B}.Release|ARM.Build.0 = Release|Any CPU
		{95F00F70-27F3-4B4C-BC2C-F838D845163B}.Release|iPhone.ActiveCfg = Release|Any CPU
		{95F00F70-27F3-4B4C-BC2C-F838D845163B}.Release|iPhone.Build.0 = Release|Any CPU
		{95F00F70-27F3-4B4C-BC2C-F838D845163B}.Release|iPhoneSimulator.ActiveCfg = Release|Any CPU
		{95F00F70-27F3-4B4C-BC2C-F838D845163B}.Release|iPhoneSimulator.Build.0 = Release|Any CPU
		{95F00F70-27F3-4B4C-BC2C-F838D845163B}.Release|x64.ActiveCfg = Release|Any CPU
		{95F00F70-27F3-4B4C-BC2C-F838D845163B}.Release|x64.Build.0 = Release|Any CPU
		{95F00F70-27F3-4B4C-BC2C-F838D845163B}.Release|x86.ActiveCfg = Release|Any CPU
		{95F00F70-27F3-4B4C-BC2C-F838D845163B}.Release|x86.Build.0 = Release|Any CPU
	EndGlobalSection
	GlobalSection(SolutionProperties) = preSolution
		HideSolutionNode = FALSE
	EndGlobalSection
EndGlobal
